// !$*UTF8*$!
{
	archiveVersion = 1;
	classes = {
	};
	objectVersion = 46;
	objects = {

/* Begin PBXBuildFile section */
		6E2542B71C6693240079D64C /* Utils.swift in Sources */ = {isa = PBXBuildFile; fileRef = 6E2542B61C6693240079D64C /* Utils.swift */; };
		6E807F3A1C66A00E00A54664 /* ProgressHUDViewController.swift in Sources */ = {isa = PBXBuildFile; fileRef = 6E807F391C66A00E00A54664 /* ProgressHUDViewController.swift */; };
		6E8389371C6412440032C4D9 /* car2 in Resources */ = {isa = PBXBuildFile; fileRef = 6E83892D1C6412440032C4D9 /* car2 */; };
		6E8389381C6412440032C4D9 /* car3 in Resources */ = {isa = PBXBuildFile; fileRef = 6E83892E1C6412440032C4D9 /* car3 */; };
		6E8389391C6412440032C4D9 /* car4 in Resources */ = {isa = PBXBuildFile; fileRef = 6E83892F1C6412440032C4D9 /* car4 */; };
		6E83893A1C6412440032C4D9 /* car5 in Resources */ = {isa = PBXBuildFile; fileRef = 6E8389301C6412440032C4D9 /* car5 */; };
		6E83893B1C6412440032C4D9 /* car6 in Resources */ = {isa = PBXBuildFile; fileRef = 6E8389311C6412440032C4D9 /* car6 */; };
		6E83893C1C6412440032C4D9 /* car7 in Resources */ = {isa = PBXBuildFile; fileRef = 6E8389321C6412440032C4D9 /* car7 */; };
		6E83893D1C6412440032C4D9 /* car8 in Resources */ = {isa = PBXBuildFile; fileRef = 6E8389331C6412440032C4D9 /* car8 */; };
		6E83893E1C6412440032C4D9 /* car9 in Resources */ = {isa = PBXBuildFile; fileRef = 6E8389341C6412440032C4D9 /* car9 */; };
		6E83893F1C6412440032C4D9 /* car10 in Resources */ = {isa = PBXBuildFile; fileRef = 6E8389351C6412440032C4D9 /* car10 */; };
		6E8389411C6417410032C4D9 /* CollectionViewController.swift in Sources */ = {isa = PBXBuildFile; fileRef = 6E8389401C6417410032C4D9 /* CollectionViewController.swift */; };
		6E8389431C6417510032C4D9 /* CollectionViewCell.swift in Sources */ = {isa = PBXBuildFile; fileRef = 6E8389421C6417510032C4D9 /* CollectionViewCell.swift */; };
		6E9AFC6B1C4559F80005675F /* User.swift in Sources */ = {isa = PBXBuildFile; fileRef = 6E9AFC6A1C4559F80005675F /* User.swift */; };
		6E9C42D41C6FEA80002CDD50 /* placeholderImage.jpg in Resources */ = {isa = PBXBuildFile; fileRef = 6E9C42D31C6FEA80002CDD50 /* placeholderImage.jpg */; };
		6EA85F7C1C73E1CA00A2A88D /* SignupViewController.swift in Sources */ = {isa = PBXBuildFile; fileRef = 6EA85F7B1C73E1CA00A2A88D /* SignupViewController.swift */; };
		6EAD7B471C6920A800752ED5 /* Camera.png in Resources */ = {isa = PBXBuildFile; fileRef = 6EAD7B461C6920A800752ED5 /* Camera.png */; };
		6EAD7B4B1C69213F00752ED5 /* car1 in Resources */ = {isa = PBXBuildFile; fileRef = 6EAD7B4A1C69213F00752ED5 /* car1 */; };
		6EAD7B4E1C692E6B00752ED5 /* UIView+RoundImage.swift in Sources */ = {isa = PBXBuildFile; fileRef = 6EAD7B4D1C692E6B00752ED5 /* UIView+RoundImage.swift */; };
		6EAD7B531C692F2200752ED5 /* UIImage+NoString.swift in Sources */ = {isa = PBXBuildFile; fileRef = 6EAD7B521C692F2200752ED5 /* UIImage+NoString.swift */; };
		6EAD7B5C1C69337E00752ED5 /* Icon-76@2x.png in Resources */ = {isa = PBXBuildFile; fileRef = 6EAD7B5B1C69337E00752ED5 /* Icon-76@2x.png */; };
		6EB842BD1C67A78B00727799 /* SettingsViewController.swift in Sources */ = {isa = PBXBuildFile; fileRef = 6EB842BC1C67A78B00727799 /* SettingsViewController.swift */; };
		6EB842BF1C67AF7000727799 /* MessageViewController.swift in Sources */ = {isa = PBXBuildFile; fileRef = 6EB842BE1C67AF7000727799 /* MessageViewController.swift */; };
		6EB842C21C67B31900727799 /* MessageViewCell.swift in Sources */ = {isa = PBXBuildFile; fileRef = 6EB842C11C67B31900727799 /* MessageViewCell.swift */; };
		6EB842C41C67BD3800727799 /* Data.swift in Sources */ = {isa = PBXBuildFile; fileRef = 6EB842C31C67BD3800727799 /* Data.swift */; };
		6EB842C61C67C65500727799 /* TextViewController.swift in Sources */ = {isa = PBXBuildFile; fileRef = 6EB842C51C67C65500727799 /* TextViewController.swift */; };
		6EC751E21C45AAE5004F252D /* ProfileViewController.swift in Sources */ = {isa = PBXBuildFile; fileRef = 6EC751E11C45AAE5004F252D /* ProfileViewController.swift */; };
		6EFB13971C44741500BC56BD /* AppDelegate.swift in Sources */ = {isa = PBXBuildFile; fileRef = 6EFB13961C44741500BC56BD /* AppDelegate.swift */; };
		6EFB13991C44741500BC56BD /* ViewController.swift in Sources */ = {isa = PBXBuildFile; fileRef = 6EFB13981C44741500BC56BD /* ViewController.swift */; };
		6EFB139C1C44741500BC56BD /* Main.storyboard in Resources */ = {isa = PBXBuildFile; fileRef = 6EFB139A1C44741500BC56BD /* Main.storyboard */; };
		6EFB139E1C44741500BC56BD /* Assets.xcassets in Resources */ = {isa = PBXBuildFile; fileRef = 6EFB139D1C44741500BC56BD /* Assets.xcassets */; };
		6EFB13A11C44741500BC56BD /* LaunchScreen.storyboard in Resources */ = {isa = PBXBuildFile; fileRef = 6EFB139F1C44741500BC56BD /* LaunchScreen.storyboard */; };
		EF7D34CDBFC8FD40FEA9F660 /* Pods_Dice_Up.framework in Frameworks */ = {isa = PBXBuildFile; fileRef = B7221B476405E0C0465AF2F3 /* Pods_Dice_Up.framework */; };
/* End PBXBuildFile section */

/* Begin PBXFileReference section */
		561DF2D073FA00B243D5BCCD /* Pods-Dice Up.release.xcconfig */ = {isa = PBXFileReference; includeInIndex = 1; lastKnownFileType = text.xcconfig; name = "Pods-Dice Up.release.xcconfig"; path = "Pods/Target Support Files/Pods-Dice Up/Pods-Dice Up.release.xcconfig"; sourceTree = "<group>"; };
		6A3605756E4A883DDFCFC77A /* Pods-Dice Up.debug.xcconfig */ = {isa = PBXFileReference; includeInIndex = 1; lastKnownFileType = text.xcconfig; name = "Pods-Dice Up.debug.xcconfig"; path = "Pods/Target Support Files/Pods-Dice Up/Pods-Dice Up.debug.xcconfig"; sourceTree = "<group>"; };
		6E2542B61C6693240079D64C /* Utils.swift */ = {isa = PBXFileReference; fileEncoding = 4; lastKnownFileType = sourcecode.swift; path = Utils.swift; sourceTree = "<group>"; };
		6E807F391C66A00E00A54664 /* ProgressHUDViewController.swift */ = {isa = PBXFileReference; fileEncoding = 4; lastKnownFileType = sourcecode.swift; path = ProgressHUDViewController.swift; sourceTree = "<group>"; };
		6E83892D1C6412440032C4D9 /* car2 */ = {isa = PBXFileReference; lastKnownFileType = file; path = car2; sourceTree = "<group>"; };
		6E83892E1C6412440032C4D9 /* car3 */ = {isa = PBXFileReference; lastKnownFileType = file; path = car3; sourceTree = "<group>"; };
		6E83892F1C6412440032C4D9 /* car4 */ = {isa = PBXFileReference; lastKnownFileType = file; path = car4; sourceTree = "<group>"; };
		6E8389301C6412440032C4D9 /* car5 */ = {isa = PBXFileReference; lastKnownFileType = file; path = car5; sourceTree = "<group>"; };
		6E8389311C6412440032C4D9 /* car6 */ = {isa = PBXFileReference; lastKnownFileType = file; path = car6; sourceTree = "<group>"; };
		6E8389321C6412440032C4D9 /* car7 */ = {isa = PBXFileReference; lastKnownFileType = file; path = car7; sourceTree = "<group>"; };
		6E8389331C6412440032C4D9 /* car8 */ = {isa = PBXFileReference; lastKnownFileType = file; path = car8; sourceTree = "<group>"; };
		6E8389341C6412440032C4D9 /* car9 */ = {isa = PBXFileReference; lastKnownFileType = file; path = car9; sourceTree = "<group>"; };
		6E8389351C6412440032C4D9 /* car10 */ = {isa = PBXFileReference; lastKnownFileType = file; path = car10; sourceTree = "<group>"; };
		6E8389401C6417410032C4D9 /* CollectionViewController.swift */ = {isa = PBXFileReference; fileEncoding = 4; lastKnownFileType = sourcecode.swift; path = CollectionViewController.swift; sourceTree = "<group>"; };
		6E8389421C6417510032C4D9 /* CollectionViewCell.swift */ = {isa = PBXFileReference; fileEncoding = 4; lastKnownFileType = sourcecode.swift; path = CollectionViewCell.swift; sourceTree = "<group>"; };
		6E9AFC6A1C4559F80005675F /* User.swift */ = {isa = PBXFileReference; fileEncoding = 4; lastKnownFileType = sourcecode.swift; path = User.swift; sourceTree = "<group>"; };
		6E9C42D31C6FEA80002CDD50 /* placeholderImage.jpg */ = {isa = PBXFileReference; lastKnownFileType = image.jpeg; path = placeholderImage.jpg; sourceTree = "<group>"; };
		6EA85F7B1C73E1CA00A2A88D /* SignupViewController.swift */ = {isa = PBXFileReference; fileEncoding = 4; lastKnownFileType = sourcecode.swift; path = SignupViewController.swift; sourceTree = "<group>"; };
		6EAD7B461C6920A800752ED5 /* Camera.png */ = {isa = PBXFileReference; lastKnownFileType = image.png; path = Camera.png; sourceTree = "<group>"; };
		6EAD7B4A1C69213F00752ED5 /* car1 */ = {isa = PBXFileReference; lastKnownFileType = file; path = car1; sourceTree = "<group>"; };
		6EAD7B4D1C692E6B00752ED5 /* UIView+RoundImage.swift */ = {isa = PBXFileReference; fileEncoding = 4; lastKnownFileType = sourcecode.swift; path = "UIView+RoundImage.swift"; sourceTree = "<group>"; };
		6EAD7B521C692F2200752ED5 /* UIImage+NoString.swift */ = {isa = PBXFileReference; fileEncoding = 4; lastKnownFileType = sourcecode.swift; path = "UIImage+NoString.swift"; sourceTree = "<group>"; };
		6EAD7B5B1C69337E00752ED5 /* Icon-76@2x.png */ = {isa = PBXFileReference; lastKnownFileType = image.png; name = "Icon-76@2x.png"; path = "Assets.xcassets/AppIcon.appiconset/Icon-76@2x.png"; sourceTree = "<group>"; };
		6EB842BC1C67A78B00727799 /* SettingsViewController.swift */ = {isa = PBXFileReference; fileEncoding = 4; lastKnownFileType = sourcecode.swift; path = SettingsViewController.swift; sourceTree = "<group>"; };
		6EB842BE1C67AF7000727799 /* MessageViewController.swift */ = {isa = PBXFileReference; fileEncoding = 4; lastKnownFileType = sourcecode.swift; path = MessageViewController.swift; sourceTree = "<group>"; };
		6EB842C11C67B31900727799 /* MessageViewCell.swift */ = {isa = PBXFileReference; fileEncoding = 4; lastKnownFileType = sourcecode.swift; path = MessageViewCell.swift; sourceTree = "<group>"; };
		6EB842C31C67BD3800727799 /* Data.swift */ = {isa = PBXFileReference; fileEncoding = 4; lastKnownFileType = sourcecode.swift; path = Data.swift; sourceTree = "<group>"; };
		6EB842C51C67C65500727799 /* TextViewController.swift */ = {isa = PBXFileReference; fileEncoding = 4; lastKnownFileType = sourcecode.swift; path = TextViewController.swift; sourceTree = "<group>"; };
		6EC751E11C45AAE5004F252D /* ProfileViewController.swift */ = {isa = PBXFileReference; fileEncoding = 4; lastKnownFileType = sourcecode.swift; path = ProfileViewController.swift; sourceTree = "<group>"; };
		6EFB13931C44741500BC56BD /* Dice Up.app */ = {isa = PBXFileReference; explicitFileType = wrapper.application; includeInIndex = 0; path = "Dice Up.app"; sourceTree = BUILT_PRODUCTS_DIR; };
		6EFB13961C44741500BC56BD /* AppDelegate.swift */ = {isa = PBXFileReference; lastKnownFileType = sourcecode.swift; path = AppDelegate.swift; sourceTree = "<group>"; };
		6EFB13981C44741500BC56BD /* ViewController.swift */ = {isa = PBXFileReference; lastKnownFileType = sourcecode.swift; path = ViewController.swift; sourceTree = "<group>"; };
		6EFB139B1C44741500BC56BD /* Base */ = {isa = PBXFileReference; lastKnownFileType = file.storyboard; name = Base; path = Base.lproj/Main.storyboard; sourceTree = "<group>"; };
		6EFB139D1C44741500BC56BD /* Assets.xcassets */ = {isa = PBXFileReference; lastKnownFileType = folder.assetcatalog; path = Assets.xcassets; sourceTree = "<group>"; };
		6EFB13A01C44741500BC56BD /* Base */ = {isa = PBXFileReference; lastKnownFileType = file.storyboard; name = Base; path = Base.lproj/LaunchScreen.storyboard; sourceTree = "<group>"; };
		6EFB13A21C44741500BC56BD /* Info.plist */ = {isa = PBXFileReference; lastKnownFileType = text.plist.xml; path = Info.plist; sourceTree = "<group>"; };
		B7221B476405E0C0465AF2F3 /* Pods_Dice_Up.framework */ = {isa = PBXFileReference; explicitFileType = wrapper.framework; includeInIndex = 0; path = Pods_Dice_Up.framework; sourceTree = BUILT_PRODUCTS_DIR; };
/* End PBXFileReference section */

/* Begin PBXFrameworksBuildPhase section */
		6EFB13901C44741500BC56BD /* Frameworks */ = {
			isa = PBXFrameworksBuildPhase;
			buildActionMask = 2147483647;
			files = (
				EF7D34CDBFC8FD40FEA9F660 /* Pods_Dice_Up.framework in Frameworks */,
			);
			runOnlyForDeploymentPostprocessing = 0;
		};
/* End PBXFrameworksBuildPhase section */

/* Begin PBXGroup section */
		5FE4E38921FABBBEB580206E /* Frameworks */ = {
			isa = PBXGroup;
			children = (
				B7221B476405E0C0465AF2F3 /* Pods_Dice_Up.framework */,
			);
			name = Frameworks;
			sourceTree = "<group>";
		};
		6E83892B1C6411C40032C4D9 /* Supporting Files */ = {
			isa = PBXGroup;
			children = (
				6EAD7B461C6920A800752ED5 /* Camera.png */,
				6EAD7B4A1C69213F00752ED5 /* car1 */,
				6EAD7B5B1C69337E00752ED5 /* Icon-76@2x.png */,
				6E83892D1C6412440032C4D9 /* car2 */,
				6E83892E1C6412440032C4D9 /* car3 */,
				6E83892F1C6412440032C4D9 /* car4 */,
				6E8389301C6412440032C4D9 /* car5 */,
				6E8389311C6412440032C4D9 /* car6 */,
				6E8389321C6412440032C4D9 /* car7 */,
				6E8389331C6412440032C4D9 /* car8 */,
				6E8389341C6412440032C4D9 /* car9 */,
				6E8389351C6412440032C4D9 /* car10 */,
				6EFB139D1C44741500BC56BD /* Assets.xcassets */,
				6EFB139F1C44741500BC56BD /* LaunchScreen.storyboard */,
				6EFB13A21C44741500BC56BD /* Info.plist */,
				6E9C42D31C6FEA80002CDD50 /* placeholderImage.jpg */,
			);
			name = "Supporting Files";
			sourceTree = "<group>";
		};
		6EAD7B4C1C692CE900752ED5 /* Views */ = {
			isa = PBXGroup;
			children = (
				6E8389421C6417510032C4D9 /* CollectionViewCell.swift */,
				6EB842C11C67B31900727799 /* MessageViewCell.swift */,
			);
			name = Views;
			sourceTree = "<group>";
		};
		6EAD7B4F1C692ED300752ED5 /* Extensions */ = {
			isa = PBXGroup;
			children = (
				6EAD7B4D1C692E6B00752ED5 /* UIView+RoundImage.swift */,
				6EAD7B521C692F2200752ED5 /* UIImage+NoString.swift */,
			);
			name = Extensions;
			sourceTree = "<group>";
		};
		6EAD7B561C69304500752ED5 /* Other */ = {
			isa = PBXGroup;
			children = (
				6EFB13961C44741500BC56BD /* AppDelegate.swift */,
			);
			name = Other;
			sourceTree = "<group>";
		};
		6EB842C01C67AF8100727799 /* Controllers */ = {
			isa = PBXGroup;
			children = (
				6EA85F7B1C73E1CA00A2A88D /* SignupViewController.swift */,
				6EFB13981C44741500BC56BD /* ViewController.swift */,
				6EC751E11C45AAE5004F252D /* ProfileViewController.swift */,
				6E8389401C6417410032C4D9 /* CollectionViewController.swift */,
				6E807F391C66A00E00A54664 /* ProgressHUDViewController.swift */,
				6EB842BC1C67A78B00727799 /* SettingsViewController.swift */,
				6EB842BE1C67AF7000727799 /* MessageViewController.swift */,
				6EB842C51C67C65500727799 /* TextViewController.swift */,
			);
			name = Controllers;
			sourceTree = "<group>";
		};
		6EFB138A1C44741500BC56BD = {
			isa = PBXGroup;
			children = (
				6EFB13951C44741500BC56BD /* Dice Up */,
				6EFB13941C44741500BC56BD /* Products */,
				EE92AF3A1B2AECE00537A0A5 /* Pods */,
				5FE4E38921FABBBEB580206E /* Frameworks */,
			);
			sourceTree = "<group>";
		};
		6EFB13941C44741500BC56BD /* Products */ = {
			isa = PBXGroup;
			children = (
				6EFB13931C44741500BC56BD /* Dice Up.app */,
			);
			name = Products;
			sourceTree = "<group>";
		};
		6EFB13951C44741500BC56BD /* Dice Up */ = {
			isa = PBXGroup;
			children = (
				6EFB139A1C44741500BC56BD /* Main.storyboard */,
				6EAD7B561C69304500752ED5 /* Other */,
				6E9AFC6A1C4559F80005675F /* User.swift */,
				6E2542B61C6693240079D64C /* Utils.swift */,
				6EB842C31C67BD3800727799 /* Data.swift */,
				6EAD7B4C1C692CE900752ED5 /* Views */,
				6EB842C01C67AF8100727799 /* Controllers */,
				6E83892B1C6411C40032C4D9 /* Supporting Files */,
				6EAD7B4F1C692ED300752ED5 /* Extensions */,
			);
			path = "Dice Up";
			sourceTree = "<group>";
		};
		EE92AF3A1B2AECE00537A0A5 /* Pods */ = {
			isa = PBXGroup;
			children = (
				6A3605756E4A883DDFCFC77A /* Pods-Dice Up.debug.xcconfig */,
				561DF2D073FA00B243D5BCCD /* Pods-Dice Up.release.xcconfig */,
			);
			name = Pods;
			sourceTree = "<group>";
		};
/* End PBXGroup section */

/* Begin PBXNativeTarget section */
		6EFB13921C44741500BC56BD /* Dice Up */ = {
			isa = PBXNativeTarget;
			buildConfigurationList = 6EFB13A51C44741500BC56BD /* Build configuration list for PBXNativeTarget "Dice Up" */;
			buildPhases = (
				FC26232389ADADB9C4AF0250 /* Check Pods Manifest.lock */,
				6EFB138F1C44741500BC56BD /* Sources */,
				6EFB13901C44741500BC56BD /* Frameworks */,
				6EFB13911C44741500BC56BD /* Resources */,
				8F3837C5C5EC55BBA5864608 /* Embed Pods Frameworks */,
				7FEDE9A35D24C1C32AA26DAA /* Copy Pods Resources */,
			);
			buildRules = (
			);
			dependencies = (
			);
			name = "Dice Up";
			productName = "Dice Up";
			productReference = 6EFB13931C44741500BC56BD /* Dice Up.app */;
			productType = "com.apple.product-type.application";
		};
/* End PBXNativeTarget section */

/* Begin PBXProject section */
		6EFB138B1C44741500BC56BD /* Project object */ = {
			isa = PBXProject;
			attributes = {
				LastSwiftUpdateCheck = 0720;
				LastUpgradeCheck = 0720;
				ORGANIZATIONNAME = "Can Akyurek";
				TargetAttributes = {
					6EFB13921C44741500BC56BD = {
						CreatedOnToolsVersion = 7.2;
						DevelopmentTeam = 8FGNAKEM79;
					};
				};
			};
			buildConfigurationList = 6EFB138E1C44741500BC56BD /* Build configuration list for PBXProject "Dice Up" */;
			compatibilityVersion = "Xcode 3.2";
			developmentRegion = English;
			hasScannedForEncodings = 0;
			knownRegions = (
				en,
				Base,
			);
			mainGroup = 6EFB138A1C44741500BC56BD;
			productRefGroup = 6EFB13941C44741500BC56BD /* Products */;
			projectDirPath = "";
			projectRoot = "";
			targets = (
				6EFB13921C44741500BC56BD /* Dice Up */,
			);
		};
/* End PBXProject section */

/* Begin PBXResourcesBuildPhase section */
		6EFB13911C44741500BC56BD /* Resources */ = {
			isa = PBXResourcesBuildPhase;
			buildActionMask = 2147483647;
			files = (
				6E83893D1C6412440032C4D9 /* car8 in Resources */,
				6E83893C1C6412440032C4D9 /* car7 in Resources */,
				6E8389391C6412440032C4D9 /* car4 in Resources */,
				6E8389371C6412440032C4D9 /* car2 in Resources */,
				6EAD7B4B1C69213F00752ED5 /* car1 in Resources */,
				6E83893E1C6412440032C4D9 /* car9 in Resources */,
				6EAD7B5C1C69337E00752ED5 /* Icon-76@2x.png in Resources */,
				6EFB13A11C44741500BC56BD /* LaunchScreen.storyboard in Resources */,
				6E83893A1C6412440032C4D9 /* car5 in Resources */,
				6EAD7B471C6920A800752ED5 /* Camera.png in Resources */,
				6E83893B1C6412440032C4D9 /* car6 in Resources */,
				6E83893F1C6412440032C4D9 /* car10 in Resources */,
				6EFB139E1C44741500BC56BD /* Assets.xcassets in Resources */,
				6E9C42D41C6FEA80002CDD50 /* placeholderImage.jpg in Resources */,
				6EFB139C1C44741500BC56BD /* Main.storyboard in Resources */,
				6E8389381C6412440032C4D9 /* car3 in Resources */,
			);
			runOnlyForDeploymentPostprocessing = 0;
		};
/* End PBXResourcesBuildPhase section */

/* Begin PBXShellScriptBuildPhase section */
		7FEDE9A35D24C1C32AA26DAA /* Copy Pods Resources */ = {
			isa = PBXShellScriptBuildPhase;
			buildActionMask = 2147483647;
			files = (
			);
			inputPaths = (
			);
			name = "Copy Pods Resources";
			outputPaths = (
			);
			runOnlyForDeploymentPostprocessing = 0;
			shellPath = /bin/sh;
			shellScript = "\"${SRCROOT}/Pods/Target Support Files/Pods-Dice Up/Pods-Dice Up-resources.sh\"\n";
			showEnvVarsInLog = 0;
		};
		8F3837C5C5EC55BBA5864608 /* Embed Pods Frameworks */ = {
			isa = PBXShellScriptBuildPhase;
			buildActionMask = 2147483647;
			files = (
			);
			inputPaths = (
			);
			name = "Embed Pods Frameworks";
			outputPaths = (
			);
			runOnlyForDeploymentPostprocessing = 0;
			shellPath = /bin/sh;
			shellScript = "\"${SRCROOT}/Pods/Target Support Files/Pods-Dice Up/Pods-Dice Up-frameworks.sh\"\n";
			showEnvVarsInLog = 0;
		};
		FC26232389ADADB9C4AF0250 /* Check Pods Manifest.lock */ = {
			isa = PBXShellScriptBuildPhase;
			buildActionMask = 2147483647;
			files = (
			);
			inputPaths = (
			);
			name = "Check Pods Manifest.lock";
			outputPaths = (
			);
			runOnlyForDeploymentPostprocessing = 0;
			shellPath = /bin/sh;
			shellScript = "diff \"${PODS_ROOT}/../Podfile.lock\" \"${PODS_ROOT}/Manifest.lock\" > /dev/null\nif [[ $? != 0 ]] ; then\n    cat << EOM\nerror: The sandbox is not in sync with the Podfile.lock. Run 'pod install' or update your CocoaPods installation.\nEOM\n    exit 1\nfi\n";
			showEnvVarsInLog = 0;
		};
/* End PBXShellScriptBuildPhase section */

/* Begin PBXSourcesBuildPhase section */
		6EFB138F1C44741500BC56BD /* Sources */ = {
			isa = PBXSourcesBuildPhase;
			buildActionMask = 2147483647;
			files = (
				6EFB13991C44741500BC56BD /* ViewController.swift in Sources */,
				6EAD7B531C692F2200752ED5 /* UIImage+NoString.swift in Sources */,
				6EFB13971C44741500BC56BD /* AppDelegate.swift in Sources */,
				6E8389431C6417510032C4D9 /* CollectionViewCell.swift in Sources */,
				6E2542B71C6693240079D64C /* Utils.swift in Sources */,
				6EB842BF1C67AF7000727799 /* MessageViewController.swift in Sources */,
				6EC751E21C45AAE5004F252D /* ProfileViewController.swift in Sources */,
				6EB842C21C67B31900727799 /* MessageViewCell.swift in Sources */,
				6EB842C41C67BD3800727799 /* Data.swift in Sources */,
				6E9AFC6B1C4559F80005675F /* User.swift in Sources */,
				6EAD7B4E1C692E6B00752ED5 /* UIView+RoundImage.swift in Sources */,
				6E8389411C6417410032C4D9 /* CollectionViewController.swift in Sources */,
				6EA85F7C1C73E1CA00A2A88D /* SignupViewController.swift in Sources */,
				6E807F3A1C66A00E00A54664 /* ProgressHUDViewController.swift in Sources */,
				6EB842BD1C67A78B00727799 /* SettingsViewController.swift in Sources */,
				6EB842C61C67C65500727799 /* TextViewController.swift in Sources */,
			);
			runOnlyForDeploymentPostprocessing = 0;
		};
/* End PBXSourcesBuildPhase section */

/* Begin PBXVariantGroup section */
		6EFB139A1C44741500BC56BD /* Main.storyboard */ = {
			isa = PBXVariantGroup;
			children = (
				6EFB139B1C44741500BC56BD /* Base */,
			);
			name = Main.storyboard;
			sourceTree = "<group>";
		};
		6EFB139F1C44741500BC56BD /* LaunchScreen.storyboard */ = {
			isa = PBXVariantGroup;
			children = (
				6EFB13A01C44741500BC56BD /* Base */,
			);
			name = LaunchScreen.storyboard;
			sourceTree = "<group>";
		};
/* End PBXVariantGroup section */

/* Begin XCBuildConfiguration section */
		6EFB13A31C44741500BC56BD /* Debug */ = {
			isa = XCBuildConfiguration;
			buildSettings = {
				ALWAYS_SEARCH_USER_PATHS = NO;
				CLANG_CXX_LANGUAGE_STANDARD = "gnu++0x";
				CLANG_CXX_LIBRARY = "libc++";
				CLANG_ENABLE_MODULES = YES;
				CLANG_ENABLE_OBJC_ARC = YES;
				CLANG_WARN_BOOL_CONVERSION = YES;
				CLANG_WARN_CONSTANT_CONVERSION = YES;
				CLANG_WARN_DIRECT_OBJC_ISA_USAGE = YES_ERROR;
				CLANG_WARN_EMPTY_BODY = YES;
				CLANG_WARN_ENUM_CONVERSION = YES;
				CLANG_WARN_INT_CONVERSION = YES;
				CLANG_WARN_OBJC_ROOT_CLASS = YES_ERROR;
				CLANG_WARN_UNREACHABLE_CODE = YES;
				CLANG_WARN__DUPLICATE_METHOD_MATCH = YES;
				"CODE_SIGN_IDENTITY[sdk=iphoneos*]" = "iPhone Developer";
				COPY_PHASE_STRIP = NO;
				DEBUG_INFORMATION_FORMAT = dwarf;
				ENABLE_STRICT_OBJC_MSGSEND = YES;
				ENABLE_TESTABILITY = YES;
				GCC_C_LANGUAGE_STANDARD = gnu99;
				GCC_DYNAMIC_NO_PIC = NO;
				GCC_NO_COMMON_BLOCKS = YES;
				GCC_OPTIMIZATION_LEVEL = 0;
				GCC_PREPROCESSOR_DEFINITIONS = (
					"DEBUG=1",
					"$(inherited)",
				);
				GCC_WARN_64_TO_32_BIT_CONVERSION = YES;
				GCC_WARN_ABOUT_RETURN_TYPE = YES_ERROR;
				GCC_WARN_UNDECLARED_SELECTOR = YES;
				GCC_WARN_UNINITIALIZED_AUTOS = YES_AGGRESSIVE;
				GCC_WARN_UNUSED_FUNCTION = YES;
				GCC_WARN_UNUSED_VARIABLE = YES;
				IPHONEOS_DEPLOYMENT_TARGET = 9.2;
				MTL_ENABLE_DEBUG_INFO = YES;
				ONLY_ACTIVE_ARCH = YES;
				SDKROOT = iphoneos;
				SWIFT_OPTIMIZATION_LEVEL = "-Onone";
			};
			name = Debug;
		};
		6EFB13A41C44741500BC56BD /* Release */ = {
			isa = XCBuildConfiguration;
			buildSettings = {
				ALWAYS_SEARCH_USER_PATHS = NO;
				CLANG_CXX_LANGUAGE_STANDARD = "gnu++0x";
				CLANG_CXX_LIBRARY = "libc++";
				CLANG_ENABLE_MODULES = YES;
				CLANG_ENABLE_OBJC_ARC = YES;
				CLANG_WARN_BOOL_CONVERSION = YES;
				CLANG_WARN_CONSTANT_CONVERSION = YES;
				CLANG_WARN_DIRECT_OBJC_ISA_USAGE = YES_ERROR;
				CLANG_WARN_EMPTY_BODY = YES;
				CLANG_WARN_ENUM_CONVERSION = YES;
				CLANG_WARN_INT_CONVERSION = YES;
				CLANG_WARN_OBJC_ROOT_CLASS = YES_ERROR;
				CLANG_WARN_UNREACHABLE_CODE = YES;
				CLANG_WARN__DUPLICATE_METHOD_MATCH = YES;
				"CODE_SIGN_IDENTITY[sdk=iphoneos*]" = "iPhone Developer";
				COPY_PHASE_STRIP = NO;
				DEBUG_INFORMATION_FORMAT = "dwarf-with-dsym";
				ENABLE_NS_ASSERTIONS = NO;
				ENABLE_STRICT_OBJC_MSGSEND = YES;
				GCC_C_LANGUAGE_STANDARD = gnu99;
				GCC_NO_COMMON_BLOCKS = YES;
				GCC_WARN_64_TO_32_BIT_CONVERSION = YES;
				GCC_WARN_ABOUT_RETURN_TYPE = YES_ERROR;
				GCC_WARN_UNDECLARED_SELECTOR = YES;
				GCC_WARN_UNINITIALIZED_AUTOS = YES_AGGRESSIVE;
				GCC_WARN_UNUSED_FUNCTION = YES;
				GCC_WARN_UNUSED_VARIABLE = YES;
				IPHONEOS_DEPLOYMENT_TARGET = 9.2;
				MTL_ENABLE_DEBUG_INFO = NO;
				SDKROOT = iphoneos;
				VALIDATE_PRODUCT = YES;
			};
			name = Release;
		};
		6EFB13A61C44741500BC56BD /* Debug */ = {
			isa = XCBuildConfiguration;
			baseConfigurationReference = 6A3605756E4A883DDFCFC77A /* Pods-Dice Up.debug.xcconfig */;
			buildSettings = {
				ASSETCATALOG_COMPILER_APPICON_NAME = AppIcon;
				INFOPLIST_FILE = "Dice Up/Info.plist";
				LD_RUNPATH_SEARCH_PATHS = "$(inherited) @executable_path/Frameworks";
				PRODUCT_BUNDLE_IDENTIFIER = "Lulubik.Dice-Up";
				PRODUCT_NAME = "$(TARGET_NAME)";
			};
			name = Debug;
		};
		6EFB13A71C44741500BC56BD /* Release */ = {
			isa = XCBuildConfiguration;
			baseConfigurationReference = 561DF2D073FA00B243D5BCCD /* Pods-Dice Up.release.xcconfig */;
			buildSettings = {
				ASSETCATALOG_COMPILER_APPICON_NAME = AppIcon;
				INFOPLIST_FILE = "Dice Up/Info.plist";
				LD_RUNPATH_SEARCH_PATHS = "$(inherited) @executable_path/Frameworks";
				PRODUCT_BUNDLE_IDENTIFIER = "Lulubik.Dice-Up";
				PRODUCT_NAME = "$(TARGET_NAME)";
			};
			name = Release;
		};
/* End XCBuildConfiguration section */

/* Begin XCConfigurationList section */
		6EFB138E1C44741500BC56BD /* Build configuration list for PBXProject "Dice Up" */ = {
			isa = XCConfigurationList;
			buildConfigurations = (
				6EFB13A31C44741500BC56BD /* Debug */,
				6EFB13A41C44741500BC56BD /* Release */,
			);
			defaultConfigurationIsVisible = 0;
			defaultConfigurationName = Release;
		};
		6EFB13A51C44741500BC56BD /* Build configuration list for PBXNativeTarget "Dice Up" */ = {
			isa = XCConfigurationList;
			buildConfigurations = (
				6EFB13A61C44741500BC56BD /* Debug */,
				6EFB13A71C44741500BC56BD /* Release */,
			);
			defaultConfigurationIsVisible = 0;
			defaultConfigurationName = Release;
		};
/* End XCConfigurationList section */
	};
	rootObject = 6EFB138B1C44741500BC56BD /* Project object */;
}
